
Microsoft Visual Studio Solution File, Format Version 12.00
# Visual Studio Version 17
VisualStudioVersion = 17.8.34525.116
MinimumVisualStudioVersion = 10.0.40219.1
Project("{FAE04EC0-301F-11D3-BF4B-00C04F79EFBC}") = "Compito per il 20_02_2024", "Compito per il 20_02_2024\Compito per il 20_02_2024.csproj", "{3D675EC0-5149-45F6-B11D-C3C6897DEACD}"
EndProject
Global
	GlobalSection(SolutionConfigurationPlatforms) = preSolution
		Debug|Any CPU = Debug|Any CPU
		Release|Any CPU = Release|Any CPU
	EndGlobalSection
	GlobalSection(ProjectConfigurationPlatforms) = postSolution
		{3D675EC0-5149-45F6-B11D-C3C6897DEACD}.Debug|Any CPU.ActiveCfg = Debug|Any CPU
		{3D675EC0-5149-45F6-B11D-C3C6897DEACD}.Debug|Any CPU.Build.0 = Debug|Any CPU
		{3D675EC0-5149-45F6-B11D-C3C6897DEACD}.Release|Any CPU.ActiveCfg = Release|Any CPU
		{3D675EC0-5149-45F6-B11D-C3C6897DEACD}.Release|Any CPU.Build.0 = Release|Any CPU
	EndGlobalSection
	GlobalSection(SolutionProperties) = preSolution
		HideSolutionNode = FALSE
	EndGlobalSection
	GlobalSection(ExtensibilityGlobals) = postSolution
		SolutionGuid = {29D251A4-DC43-4648-9B75-D6A6F51C4D88}
	EndGlobalSection
EndGlobal
